
Microsoft Visual Studio Solution File, Format Version 12.00
# Visual Studio Version 17
VisualStudioVersion = 17.0.31903.59
MinimumVisualStudioVersion = 10.0.40219.1
Project("{FAE04EC0-301F-11D3-BF4B-00C04F79EFBC}") = "equilibrium", "equilibrium\equilibrium.csproj", "{DA3A9E27-7199-4D06-89EB-53D20892EB6B}"
EndProject
Project("{FAE04EC0-301F-11D3-BF4B-00C04F79EFBC}") = "engine", "engine\engine.csproj", "{6E216193-7EA4-451B-B08A-1782C676DBD9}"
EndProject
Project("{FAE04EC0-301F-11D3-BF4B-00C04F79EFBC}") = "shared", "shared\shared.csproj", "{69DDD0F8-D83C-4C6F-BC63-1397793429A8}"
EndProject
Global
	GlobalSection(SolutionConfigurationPlatforms) = preSolution
		Debug|Any CPU = Debug|Any CPU
		Release|Any CPU = Release|Any CPU
	EndGlobalSection
	GlobalSection(SolutionProperties) = preSolution
		HideSolutionNode = FALSE
	EndGlobalSection
	GlobalSection(ProjectConfigurationPlatforms) = postSolution
		{DA3A9E27-7199-4D06-89EB-53D20892EB6B}.Debug|Any CPU.ActiveCfg = Debug|Any CPU
		{DA3A9E27-7199-4D06-89EB-53D20892EB6B}.Debug|Any CPU.Build.0 = Debug|Any CPU
		{DA3A9E27-7199-4D06-89EB-53D20892EB6B}.Release|Any CPU.ActiveCfg = Release|Any CPU
		{DA3A9E27-7199-4D06-89EB-53D20892EB6B}.Release|Any CPU.Build.0 = Release|Any CPU
		{6E216193-7EA4-451B-B08A-1782C676DBD9}.Debug|Any CPU.ActiveCfg = Debug|Any CPU
		{6E216193-7EA4-451B-B08A-1782C676DBD9}.Debug|Any CPU.Build.0 = Debug|Any CPU
		{6E216193-7EA4-451B-B08A-1782C676DBD9}.Release|Any CPU.ActiveCfg = Release|Any CPU
		{6E216193-7EA4-451B-B08A-1782C676DBD9}.Release|Any CPU.Build.0 = Release|Any CPU
		{69DDD0F8-D83C-4C6F-BC63-1397793429A8}.Debug|Any CPU.ActiveCfg = Debug|Any CPU
		{69DDD0F8-D83C-4C6F-BC63-1397793429A8}.Debug|Any CPU.Build.0 = Debug|Any CPU
		{69DDD0F8-D83C-4C6F-BC63-1397793429A8}.Release|Any CPU.ActiveCfg = Release|Any CPU
		{69DDD0F8-D83C-4C6F-BC63-1397793429A8}.Release|Any CPU.Build.0 = Release|Any CPU
	EndGlobalSection
EndGlobal
